
Microsoft Visual Studio Solution File, Format Version 12.00
# Visual Studio Version 17
VisualStudioVersion = 17.3.32922.545
MinimumVisualStudioVersion = 10.0.40219.1
Project("{FAE04EC0-301F-11D3-BF4B-00C04F79EFBC}") = "Conversor.UWP", "Conversor.UWP\Conversor.UWP.csproj", "{F970BFE7-6CC8-489B-A654-D8B4753B902E}"
EndProject
Project("{FAE04EC0-301F-11D3-BF4B-00C04F79EFBC}") = "Conversor.Android", "Conversor.Android\Conversor.Android.csproj", "{115B9D74-1971-497B-9568-7A70F844D833}"
EndProject
Project("{FAE04EC0-301F-11D3-BF4B-00C04F79EFBC}") = "Conversor.iOS", "Conversor.iOS\Conversor.iOS.csproj", "{E318AAD7-A2F3-4E17-9F87-E0380619E46C}"
EndProject
Project("{FAE04EC0-301F-11D3-BF4B-00C04F79EFBC}") = "Conversor", "Conversor\Conversor.csproj", "{A51B0B01-881C-4414-8515-865B90E00DDB}"
EndProject
Global
	GlobalSection(SolutionConfigurationPlatforms) = preSolution
		Debug|Any CPU = Debug|Any CPU
		Debug|ARM = Debug|ARM
		Debug|iPhone = Debug|iPhone
		Debug|iPhoneSimulator = Debug|iPhoneSimulator
		Debug|x64 = Debug|x64
		Debug|x86 = Debug|x86
		Release|Any CPU = Release|Any CPU
		Release|ARM = Release|ARM
		Release|iPhone = Release|iPhone
		Release|iPhoneSimulator = Release|iPhoneSimulator
		Release|x64 = Release|x64
		Release|x86 = Release|x86
	EndGlobalSection
	GlobalSection(ProjectConfigurationPlatforms) = postSolution
		{F970BFE7-6CC8-489B-A654-D8B4753B902E}.Debug|Any CPU.ActiveCfg = Debug|x64
		{F970BFE7-6CC8-489B-A654-D8B4753B902E}.Debug|Any CPU.Build.0 = Debug|x64
		{F970BFE7-6CC8-489B-A654-D8B4753B902E}.Debug|Any CPU.Deploy.0 = Debug|x64
		{F970BFE7-6CC8-489B-A654-D8B4753B902E}.Debug|ARM.ActiveCfg = Debug|ARM
		{F970BFE7-6CC8-489B-A654-D8B4753B902E}.Debug|ARM.Build.0 = Debug|ARM
		{F970BFE7-6CC8-489B-A654-D8B4753B902E}.Debug|ARM.Deploy.0 = Debug|ARM
		{F970BFE7-6CC8-489B-A654-D8B4753B902E}.Debug|iPhone.ActiveCfg = Debug|x64
		{F970BFE7-6CC8-489B-A654-D8B4753B902E}.Debug|iPhone.Build.0 = Debug|x64
		{F970BFE7-6CC8-489B-A654-D8B4753B902E}.Debug|iPhone.Deploy.0 = Debug|x64
		{F970BFE7-6CC8-489B-A654-D8B4753B902E}.Debug|iPhoneSimulator.ActiveCfg = Debug|x64
		{F970BFE7-6CC8-489B-A654-D8B4753B902E}.Debug|iPhoneSimulator.Build.0 = Debug|x64
		{F970BFE7-6CC8-489B-A654-D8B4753B902E}.Debug|iPhoneSimulator.Deploy.0 = Debug|x64
		{F970BFE7-6CC8-489B-A654-D8B4753B902E}.Debug|x64.ActiveCfg = Debug|x64
		{F970BFE7-6CC8-489B-A654-D8B4753B902E}.Debug|x64.Build.0 = Debug|x64
		{F970BFE7-6CC8-489B-A654-D8B4753B902E}.Debug|x64.Deploy.0 = Debug|x64
		{F970BFE7-6CC8-489B-A654-D8B4753B902E}.Debug|x86.ActiveCfg = Debug|x86
		{F970BFE7-6CC8-489B-A654-D8B4753B902E}.Debug|x86.Build.0 = Debug|x86
		{F970BFE7-6CC8-489B-A654-D8B4753B902E}.Debug|x86.Deploy.0 = Debug|x86
		{F970BFE7-6CC8-489B-A654-D8B4753B902E}.Release|Any CPU.ActiveCfg = Release|x64
		{F970BFE7-6CC8-489B-A654-D8B4753B902E}.Release|Any CPU.Build.0 = Release|x64
		{F970BFE7-6CC8-489B-A654-D8B4753B902E}.Release|Any CPU.Deploy.0 = Release|x64
		{F970BFE7-6CC8-489B-A654-D8B4753B902E}.Release|ARM.ActiveCfg = Release|ARM
		{F970BFE7-6CC8-489B-A654-D8B4753B902E}.Release|ARM.Build.0 = Release|ARM
		{F970BFE7-6CC8-489B-A654-D8B4753B902E}.Release|ARM.Deploy.0 = Release|ARM
		{F970BFE7-6CC8-489B-A654-D8B4753B902E}.Release|iPhone.ActiveCfg = Release|x64
		{F970BFE7-6CC8-489B-A654-D8B4753B902E}.Release|iPhone.Build.0 = Release|x64
		{F970BFE7-6CC8-489B-A654-D8B4753B902E}.Release|iPhone.Deploy.0 = Release|x64
		{F970BFE7-6CC8-489B-A654-D8B4753B902E}.Release|iPhoneSimulator.ActiveCfg = Release|x64
		{F970BFE7-6CC8-489B-A654-D8B4753B902E}.Release|iPhoneSimulator.Build.0 = Release|x64
		{F970BFE7-6CC8-489B-A654-D8B4753B902E}.Release|iPhoneSimulator.Deploy.0 = Release|x64
		{F970BFE7-6CC8-489B-A654-D8B4753B902E}.Release|x64.ActiveCfg = Release|x64
		{F970BFE7-6CC8-489B-A654-D8B4753B902E}.Release|x64.Build.0 = Release|x64
		{F970BFE7-6CC8-489B-A654-D8B4753B902E}.Release|x64.Deploy.0 = Release|x64
		{F970BFE7-6CC8-489B-A654-D8B4753B902E}.Release|x86.ActiveCfg = Release|x86
		{F970BFE7-6CC8-489B-A654-D8B4753B902E}.Release|x86.Build.0 = Release|x86
		{F970BFE7-6CC8-489B-A654-D8B4753B902E}.Release|x86.Deploy.0 = Release|x86
		{115B9D74-1971-497B-9568-7A70F844D833}.Debug|Any CPU.ActiveCfg = Debug|Any CPU
		{115B9D74-1971-497B-9568-7A70F844D833}.Debug|Any CPU.Build.0 = Debug|Any CPU
		{115B9D74-1971-497B-9568-7A70F844D833}.Debug|Any CPU.Deploy.0 = Debug|Any CPU
		{115B9D74-1971-497B-9568-7A70F844D833}.Debug|ARM.ActiveCfg = Debug|Any CPU
		{115B9D74-1971-497B-9568-7A70F844D833}.Debug|ARM.Build.0 = Debug|Any CPU
		{115B9D74-1971-497B-9568-7A70F844D833}.Debug|ARM.Deploy.0 = Debug|Any CPU
		{115B9D74-1971-497B-9568-7A70F844D833}.Debug|iPhone.ActiveCfg = Debug|Any CPU
		{115B9D74-1971-497B-9568-7A70F844D833}.Debug|iPhone.Build.0 = Debug|Any CPU
		{115B9D74-1971-497B-9568-7A70F844D833}.Debug|iPhone.Deploy.0 = Debug|Any CPU
		{115B9D74-1971-497B-9568-7A70F844D833}.Debug|iPhoneSimulator.ActiveCfg = Debug|Any CPU
		{115B9D74-1971-497B-9568-7A70F844D833}.Debug|iPhoneSimulator.Build.0 = Debug|Any CPU
		{115B9D74-1971-497B-9568-7A70F844D833}.Debug|iPhoneSimulator.Deploy.0 = Debug|Any CPU
		{115B9D74-1971-497B-9568-7A70F844D833}.Debug|x64.ActiveCfg = Debug|Any CPU
		{115B9D74-1971-497B-9568-7A70F844D833}.Debug|x64.Build.0 = Debug|Any CPU
		{115B9D74-1971-497B-9568-7A70F844D833}.Debug|x64.Deploy.0 = Debug|Any CPU
		{115B9D74-1971-497B-9568-7A70F844D833}.Debug|x86.ActiveCfg = Debug|Any CPU
		{115B9D74-1971-497B-9568-7A70F844D833}.Debug|x86.Build.0 = Debug|Any CPU
		{115B9D74-1971-497B-9568-7A70F844D833}.Debug|x86.Deploy.0 = Debug|Any CPU
		{115B9D74-1971-497B-9568-7A70F844D833}.Release|Any CPU.ActiveCfg = Release|Any CPU
		{115B9D74-1971-497B-9568-7A70F844D833}.Release|Any CPU.Build.0 = Release|Any CPU
		{115B9D74-1971-497B-9568-7A70F844D833}.Release|Any CPU.Deploy.0 = Release|Any CPU
		{115B9D74-1971-497B-9568-7A70F844D833}.Release|ARM.ActiveCfg = Release|Any CPU
		{115B9D74-1971-497B-9568-7A70F844D833}.Release|ARM.Build.0 = Release|Any CPU
		{115B9D74-1971-497B-9568-7A70F844D833}.Release|ARM.Deploy.0 = Release|Any CPU
		{115B9D74-1971-497B-9568-7A70F844D833}.Release|iPhone.ActiveCfg = Release|Any CPU
		{115B9D74-1971-497B-9568-7A70F844D833}.Release|iPhone.Build.0 = Release|Any CPU
		{115B9D74-1971-497B-9568-7A70F844D833}.Release|iPhone.Deploy.0 = Release|Any CPU
		{115B9D74-1971-497B-9568-7A70F844D833}.Release|iPhoneSimulator.ActiveCfg = Release|Any CPU
		{115B9D74-1971-497B-9568-7A70F844D833}.Release|iPhoneSimulator.Build.0 = Release|Any CPU
		{115B9D74-1971-497B-9568-7A70F844D833}.Release|iPhoneSimulator.Deploy.0 = Release|Any CPU
		{115B9D74-1971-497B-9568-7A70F844D833}.Release|x64.ActiveCfg = Release|Any CPU
		{115B9D74-1971-497B-9568-7A70F844D833}.Release|x64.Build.0 = Release|Any CPU
		{115B9D74-1971-497B-9568-7A70F844D833}.Release|x64.Deploy.0 = Release|Any CPU
		{115B9D74-1971-497B-9568-7A70F844D833}.Release|x86.ActiveCfg = Release|Any CPU
		{115B9D74-1971-497B-9568-7A70F844D833}.Release|x86.Build.0 = Release|Any CPU
		{115B9D74-1971-497B-9568-7A70F844D833}.Release|x86.Deploy.0 = Release|Any CPU
		{E318AAD7-A2F3-4E17-9F87-E0380619E46C}.Debug|Any CPU.ActiveCfg = Debug|iPhoneSimulator
		{E318AAD7-A2F3-4E17-9F87-E0380619E46C}.Debug|Any CPU.Build.0 = Debug|iPhoneSimulator
		{E318AAD7-A2F3-4E17-9F87-E0380619E46C}.Debug|Any CPU.Deploy.0 = Debug|iPhoneSimulator
		{E318AAD7-A2F3-4E17-9F87-E0380619E46C}.Debug|ARM.ActiveCfg = Debug|iPhoneSimulator
		{E318AAD7-A2F3-4E17-9F87-E0380619E46C}.Debug|ARM.Build.0 = Debug|iPhoneSimulator
		{E318AAD7-A2F3-4E17-9F87-E0380619E46C}.Debug|ARM.Deploy.0 = Debug|iPhoneSimulator
		{E318AAD7-A2F3-4E17-9F87-E0380619E46C}.Debug|iPhone.ActiveCfg = Debug|iPhone
		{E318AAD7-A2F3-4E17-9F87-E0380619E46C}.Debug|iPhone.Build.0 = Debug|iPhone
		{E318AAD7-A2F3-4E17-9F87-E0380619E46C}.Debug|iPhone.Deploy.0 = Debug|iPhone
		{E318AAD7-A2F3-4E17-9F87-E0380619E46C}.Debug|iPhoneSimulator.ActiveCfg = Debug|iPhoneSimulator
		{E318AAD7-A2F3-4E17-9F87-E0380619E46C}.Debug|iPhoneSimulator.Build.0 = Debug|iPhoneSimulator
		{E318AAD7-A2F3-4E17-9F87-E0380619E46C}.Debug|iPhoneSimulator.Deploy.0 = Debug|iPhoneSimulator
		{E318AAD7-A2F3-4E17-9F87-E0380619E46C}.Debug|x64.ActiveCfg = Debug|iPhone
		{E318AAD7-A2F3-4E17-9F87-E0380619E46C}.Debug|x64.Build.0 = Debug|iPhone
		{E318AAD7-A2F3-4E17-9F87-E0380619E46C}.Debug|x64.Deploy.0 = Debug|iPhone
		{E318AAD7-A2F3-4E17-9F87-E0380619E46C}.Debug|x86.ActiveCfg = Debug|iPhoneSimulator
		{E318AAD7-A2F3-4E17-9F87-E0380619E46C}.Debug|x86.Build.0 = Debug|iPhoneSimulator
		{E318AAD7-A2F3-4E17-9F87-E0380619E46C}.Debug|x86.Deploy.0 = Debug|iPhoneSimulator
		{E318AAD7-A2F3-4E17-9F87-E0380619E46C}.Release|Any CPU.ActiveCfg = Release|iPhoneSimulator
		{E318AAD7-A2F3-4E17-9F87-E0380619E46C}.Release|Any CPU.Build.0 = Release|iPhoneSimulator
		{E318AAD7-A2F3-4E17-9F87-E0380619E46C}.Release|Any CPU.Deploy.0 = Release|iPhoneSimulator
		{E318AAD7-A2F3-4E17-9F87-E0380619E46C}.Release|ARM.ActiveCfg = Release|iPhoneSimulator
		{E318AAD7-A2F3-4E17-9F87-E0380619E46C}.Release|ARM.Build.0 = Release|iPhoneSimulator
		{E318AAD7-A2F3-4E17-9F87-E0380619E46C}.Release|ARM.Deploy.0 = Release|iPhoneSimulator
		{E318AAD7-A2F3-4E17-9F87-E0380619E46C}.Release|iPhone.ActiveCfg = Release|iPhone
		{E318AAD7-A2F3-4E17-9F87-E0380619E46C}.Release|iPhone.Build.0 = Release|iPhone
		{E318AAD7-A2F3-4E17-9F87-E0380619E46C}.Release|iPhone.Deploy.0 = Release|iPhone
		{E318AAD7-A2F3-4E17-9F87-E0380619E46C}.Release|iPhoneSimulator.ActiveCfg = Release|iPhoneSimulator
		{E318AAD7-A2F3-4E17-9F87-E0380619E46C}.Release|iPhoneSimulator.Build.0 = Release|iPhoneSimulator
		{E318AAD7-A2F3-4E17-9F87-E0380619E46C}.Release|iPhoneSimulator.Deploy.0 = Release|iPhoneSimulator
		{E318AAD7-A2F3-4E17-9F87-E0380619E46C}.Release|x64.ActiveCfg = Release|iPhoneSimulator
		{E318AAD7-A2F3-4E17-9F87-E0380619E46C}.Release|x64.Build.0 = Release|iPhoneSimulator
		{E318AAD7-A2F3-4E17-9F87-E0380619E46C}.Release|x64.Deploy.0 = Release|iPhoneSimulator
		{E318AAD7-A2F3-4E17-9F87-E0380619E46C}.Release|x86.ActiveCfg = Release|iPhoneSimulator
		{E318AAD7-A2F3-4E17-9F87-E0380619E46C}.Release|x86.Build.0 = Release|iPhoneSimulator
		{E318AAD7-A2F3-4E17-9F87-E0380619E46C}.Release|x86.Deploy.0 = Release|iPhoneSimulator
		{A51B0B01-881C-4414-8515-865B90E00DDB}.Debug|Any CPU.ActiveCfg = Debug|Any CPU
		{A51B0B01-881C-4414-8515-865B90E00DDB}.Debug|Any CPU.Build.0 = Debug|Any CPU
		{A51B0B01-881C-4414-8515-865B90E00DDB}.Debug|Any CPU.Deploy.0 = Debug|Any CPU
		{A51B0B01-881C-4414-8515-865B90E00DDB}.Debug|ARM.ActiveCfg = Debug|Any CPU
		{A51B0B01-881C-4414-8515-865B90E00DDB}.Debug|ARM.Build.0 = Debug|Any CPU
		{A51B0B01-881C-4414-8515-865B90E00DDB}.Debug|ARM.Deploy.0 = Debug|Any CPU
		{A51B0B01-881C-4414-8515-865B90E00DDB}.Debug|iPhone.ActiveCfg = Debug|Any CPU
		{A51B0B01-881C-4414-8515-865B90E00DDB}.Debug|iPhone.Build.0 = Debug|Any CPU
		{A51B0B01-881C-4414-8515-865B90E00DDB}.Debug|iPhone.Deploy.0 = Debug|Any CPU
		{A51B0B01-881C-4414-8515-865B90E00DDB}.Debug|iPhoneSimulator.ActiveCfg = Debug|Any CPU
		{A51B0B01-881C-4414-8515-865B90E00DDB}.Debug|iPhoneSimulator.Build.0 = Debug|Any CPU
		{A51B0B01-881C-4414-8515-865B90E00DDB}.Debug|iPhoneSimulator.Deploy.0 = Debug|Any CPU
		{A51B0B01-881C-4414-8515-865B90E00DDB}.Debug|x64.ActiveCfg = Debug|Any CPU
		{A51B0B01-881C-4414-8515-865B90E00DDB}.Debug|x64.Build.0 = Debug|Any CPU
		{A51B0B01-881C-4414-8515-865B90E00DDB}.Debug|x64.Deploy.0 = Debug|Any CPU
		{A51B0B01-881C-4414-8515-865B90E00DDB}.Debug|x86.ActiveCfg = Debug|Any CPU
		{A51B0B01-881C-4414-8515-865B90E00DDB}.Debug|x86.Build.0 = Debug|Any CPU
		{A51B0B01-881C-4414-8515-865B90E00DDB}.Debug|x86.Deploy.0 = Debug|Any CPU
		{A51B0B01-881C-4414-8515-865B90E00DDB}.Release|Any CPU.ActiveCfg = Release|Any CPU
		{A51B0B01-881C-4414-8515-865B90E00DDB}.Release|Any CPU.Build.0 = Release|Any CPU
		{A51B0B01-881C-4414-8515-865B90E00DDB}.Release|Any CPU.Deploy.0 = Release|Any CPU
		{A51B0B01-881C-4414-8515-865B90E00DDB}.Release|ARM.ActiveCfg = Release|Any CPU
		{A51B0B01-881C-4414-8515-865B90E00DDB}.Release|ARM.Build.0 = Release|Any CPU
		{A51B0B01-881C-4414-8515-865B90E00DDB}.Release|ARM.Deploy.0 = Release|Any CPU
		{A51B0B01-881C-4414-8515-865B90E00DDB}.Release|iPhone.ActiveCfg = Release|Any CPU
		{A51B0B01-881C-4414-8515-865B90E00DDB}.Release|iPhone.Build.0 = Release|Any CPU
		{A51B0B01-881C-4414-8515-865B90E00DDB}.Release|iPhone.Deploy.0 = Release|Any CPU
		{A51B0B01-881C-4414-8515-865B90E00DDB}.Release|iPhoneSimulator.ActiveCfg = Release|Any CPU
		{A51B0B01-881C-4414-8515-865B90E00DDB}.Release|iPhoneSimulator.Build.0 = Release|Any CPU
		{A51B0B01-881C-4414-8515-865B90E00DDB}.Release|iPhoneSimulator.Deploy.0 = Release|Any CPU
		{A51B0B01-881C-4414-8515-865B90E00DDB}.Release|x64.ActiveCfg = Release|Any CPU
		{A51B0B01-881C-4414-8515-865B90E00DDB}.Release|x64.Build.0 = Release|Any CPU
		{A51B0B01-881C-4414-8515-865B90E00DDB}.Release|x64.Deploy.0 = Release|Any CPU
		{A51B0B01-881C-4414-8515-865B90E00DDB}.Release|x86.ActiveCfg = Release|Any CPU
		{A51B0B01-881C-4414-8515-865B90E00DDB}.Release|x86.Build.0 = Release|Any CPU
		{A51B0B01-881C-4414-8515-865B90E00DDB}.Release|x86.Deploy.0 = Release|Any CPU
	EndGlobalSection
	GlobalSection(SolutionProperties) = preSolution
		HideSolutionNode = FALSE
	EndGlobalSection
	GlobalSection(ExtensibilityGlobals) = postSolution
		SolutionGuid = {0F4DD15A-1C6B-48DB-A3F8-57DA0741B281}
	EndGlobalSection
EndGlobal
